
Microsoft Visual Studio Solution File, Format Version 12.00
# Visual Studio Version 17
VisualStudioVersion = 17.13.35931.197
MinimumVisualStudioVersion = 10.0.40219.1
Project("{FAE04EC0-301F-11D3-BF4B-00C04F79EFBC}") = "firstdotnet", "firstdotnet\firstdotnet.csproj", "{38BE91C6-ED8B-467B-973D-45D29CE0BB90}"
EndProject
Project("{FAE04EC0-301F-11D3-BF4B-00C04F79EFBC}") = "firstdotnet_razorpages", "firstdotnet_razorpages\firstdotnet_razorpages.csproj", "{04314E07-1398-4812-AF22-7ED77661A1A5}"
EndProject
Global
	GlobalSection(SolutionConfigurationPlatforms) = preSolution
		Debug|Any CPU = Debug|Any CPU
		Release|Any CPU = Release|Any CPU
	EndGlobalSection
	GlobalSection(ProjectConfigurationPlatforms) = postSolution
		{38BE91C6-ED8B-467B-973D-45D29CE0BB90}.Debug|Any CPU.ActiveCfg = Debug|Any CPU
		{38BE91C6-ED8B-467B-973D-45D29CE0BB90}.Debug|Any CPU.Build.0 = Debug|Any CPU
		{38BE91C6-ED8B-467B-973D-45D29CE0BB90}.Release|Any CPU.ActiveCfg = Release|Any CPU
		{38BE91C6-ED8B-467B-973D-45D29CE0BB90}.Release|Any CPU.Build.0 = Release|Any CPU
		{04314E07-1398-4812-AF22-7ED77661A1A5}.Debug|Any CPU.ActiveCfg = Debug|Any CPU
		{04314E07-1398-4812-AF22-7ED77661A1A5}.Debug|Any CPU.Build.0 = Debug|Any CPU
		{04314E07-1398-4812-AF22-7ED77661A1A5}.Release|Any CPU.ActiveCfg = Release|Any CPU
		{04314E07-1398-4812-AF22-7ED77661A1A5}.Release|Any CPU.Build.0 = Release|Any CPU
	EndGlobalSection
	GlobalSection(SolutionProperties) = preSolution
		HideSolutionNode = FALSE
	EndGlobalSection
	GlobalSection(ExtensibilityGlobals) = postSolution
		SolutionGuid = {EF63C3F2-E008-4B4B-B8F1-973767C50D8E}
	EndGlobalSection
EndGlobal
